
Microsoft Visual Studio Solution File, Format Version 12.00
# Visual Studio Version 16
VisualStudioVersion = 16.0.31105.61
MinimumVisualStudioVersion = 10.0.40219.1
Project("{FAE04EC0-301F-11D3-BF4B-00C04F79EFBC}") = "YouTubeApiSharp", "YouTubeApiSharp\YouTubeApiSharp.csproj", "{C6362D0E-C06C-43BF-BB58-2C34018F306F}"
EndProject
Project("{FAE04EC0-301F-11D3-BF4B-00C04F79EFBC}") = "ExampleApplication", "..\ExampleApplication\ExampleApplication.csproj", "{03B7159A-4B81-489C-ADF3-58567B189FEF}"
EndProject
Global
	GlobalSection(SolutionConfigurationPlatforms) = preSolution
		Debug|Any CPU = Debug|Any CPU
		Release|Any CPU = Release|Any CPU
	EndGlobalSection
	GlobalSection(ProjectConfigurationPlatforms) = postSolution
		{C6362D0E-C06C-43BF-BB58-2C34018F306F}.Debug|Any CPU.ActiveCfg = Debug|Any CPU
		{C6362D0E-C06C-43BF-BB58-2C34018F306F}.Debug|Any CPU.Build.0 = Debug|Any CPU
		{C6362D0E-C06C-43BF-BB58-2C34018F306F}.Release|Any CPU.ActiveCfg = Release|Any CPU
		{C6362D0E-C06C-43BF-BB58-2C34018F306F}.Release|Any CPU.Build.0 = Release|Any CPU
		{03B7159A-4B81-489C-ADF3-58567B189FEF}.Debug|Any CPU.ActiveCfg = Debug|Any CPU
		{03B7159A-4B81-489C-ADF3-58567B189FEF}.Debug|Any CPU.Build.0 = Debug|Any CPU
		{03B7159A-4B81-489C-ADF3-58567B189FEF}.Release|Any CPU.ActiveCfg = Release|Any CPU
		{03B7159A-4B81-489C-ADF3-58567B189FEF}.Release|Any CPU.Build.0 = Release|Any CPU
	EndGlobalSection
	GlobalSection(SolutionProperties) = preSolution
		HideSolutionNode = FALSE
	EndGlobalSection
	GlobalSection(ExtensibilityGlobals) = postSolution
		SolutionGuid = {A727C847-517D-464A-8F60-CDF7223713D8}
	EndGlobalSection
EndGlobal
